Microsoft Visual Studio Solution File, Format Version 11.00
# Visual Studio 2008

Project("{73F9E92A-B229-22CE-B708-725B8DD9CC23}") = "MCQ _Android", "Assembly-CSharp-firstpass-vs.csproj", "{CBDA79C2-88D9-2A21-5331-1A82CF8EF5F9}"
EndProject
Project("{73F9E92A-B229-22CE-B708-725B8DD9CC23}") = "MCQ _Android", "Assembly-CSharp-vs.csproj", "{0692632B-043F-D08D-A457-8703F13DE739}"
EndProject
Global
	GlobalSection(SolutionConfigurationPlatforms) = preSolution
		Debug|Any CPU = Debug|Any CPU
		Release|Any CPU = Release|Any CPU
	EndGlobalSection
	GlobalSection(ProjectConfigurationPlatforms) = postSolution
		{CBDA79C2-88D9-2A21-5331-1A82CF8EF5F9}.Debug|Any CPU.ActiveCfg = Debug|Any CPU
		{CBDA79C2-88D9-2A21-5331-1A82CF8EF5F9}.Debug|Any CPU.Build.0 = Debug|Any CPU
		{CBDA79C2-88D9-2A21-5331-1A82CF8EF5F9}.Release|Any CPU.ActiveCfg = Release|Any CPU
		{CBDA79C2-88D9-2A21-5331-1A82CF8EF5F9}.Release|Any CPU.Build.0 = Release|Any CPU
		{0692632B-043F-D08D-A457-8703F13DE739}.Debug|Any CPU.ActiveCfg = Debug|Any CPU
		{0692632B-043F-D08D-A457-8703F13DE739}.Debug|Any CPU.Build.0 = Debug|Any CPU
		{0692632B-043F-D08D-A457-8703F13DE739}.Release|Any CPU.ActiveCfg = Release|Any CPU
		{0692632B-043F-D08D-A457-8703F13DE739}.Release|Any CPU.Build.0 = Release|Any CPU
	EndGlobalSection
	GlobalSection(SolutionProperties) = preSolution
		HideSolutionNode = FALSE
	EndGlobalSection
																																																																																																																								GlobalSection(MonoDevelopProperties) = preSolution
		StartupItem = Assembly-UnityScript.unityproj
		Policies = $0
		$0.TextStylePolicy = $1
		$1.inheritsSet = null
		$1.scope = text/x-csharp
		$0.CSharpFormattingPolicy = $2
		$2.inheritsSet = Mono
		$2.inheritsScope = text/x-csharp
		$2.scope = text/x-csharp
		$0.TextStylePolicy = $3
		$3.FileWidth = 120
		$3.TabsToSpaces = False
		$3.EolMarker = Unix
		$3.inheritsSet = VisualStudio
		$3.inheritsScope = text/plain
		$3.scope = text/plain
	EndGlobalSection

EndGlobal
